// !$*UTF8*$!
{
	archiveVersion = 1;
	classes = {
	};
	objectVersion = 56;
	objects = {

/* Begin PBXBuildFile section */
		DB3E83EB2988857E008517EE /* AppDelegate.swift in Sources */ = {isa = PBXBuildFile; fileRef = DB3E83EA2988857E008517EE /* AppDelegate.swift */; };
		DB3E83ED2988857E008517EE /* SceneDelegate.swift in Sources */ = {isa = PBXBuildFile; fileRef = DB3E83EC2988857E008517EE /* SceneDelegate.swift */; };
		DB3E83EF2988857E008517EE /* ViewController.swift in Sources */ = {isa = PBXBuildFile; fileRef = DB3E83EE2988857E008517EE /* ViewController.swift */; };
		DB3E83F22988857E008517EE /* Main.storyboard in Resources */ = {isa = PBXBuildFile; fileRef = DB3E83F02988857E008517EE /* Main.storyboard */; };
		DB3E83F429888580008517EE /* Assets.xcassets in Resources */ = {isa = PBXBuildFile; fileRef = DB3E83F329888580008517EE /* Assets.xcassets */; };
		DB3E83F729888580008517EE /* LaunchScreen.storyboard in Resources */ = {isa = PBXBuildFile; fileRef = DB3E83F529888580008517EE /* LaunchScreen.storyboard */; };
		DB3E840229888580008517EE /* ColoryTests.swift in Sources */ = {isa = PBXBuildFile; fileRef = DB3E840129888580008517EE /* ColoryTests.swift */; };
		DB3E840C29888580008517EE /* ColoryUITests.swift in Sources */ = {isa = PBXBuildFile; fileRef = DB3E840B29888580008517EE /* ColoryUITests.swift */; };
		DB3E840E29888580008517EE /* ColoryUITestsLaunchTests.swift in Sources */ = {isa = PBXBuildFile; fileRef = DB3E840D29888580008517EE /* ColoryUITestsLaunchTests.swift */; };
/* End PBXBuildFile section */

/* Begin PBXContainerItemProxy section */
		DB3E83FE29888580008517EE /* PBXContainerItemProxy */ = {
			isa = PBXContainerItemProxy;
			containerPortal = DB3E83DF2988857E008517EE /* Project object */;
			proxyType = 1;
			remoteGlobalIDString = DB3E83E62988857E008517EE;
			remoteInfo = Colory;
		};
		DB3E840829888580008517EE /* PBXContainerItemProxy */ = {
			isa = PBXContainerItemProxy;
			containerPortal = DB3E83DF2988857E008517EE /* Project object */;
			proxyType = 1;
			remoteGlobalIDString = DB3E83E62988857E008517EE;
			remoteInfo = Colory;
		};
/* End PBXContainerItemProxy section */

/* Begin PBXFileReference section */
		DB3E83E72988857E008517EE /* Colory.app */ = {isa = PBXFileReference; explicitFileType = wrapper.application; includeInIndex = 0; path = Colory.app; sourceTree = BUILT_PRODUCTS_DIR; };
		DB3E83EA2988857E008517EE /* AppDelegate.swift */ = {isa = PBXFileReference; lastKnownFileType = sourcecode.swift; path = AppDelegate.swift; sourceTree = "<group>"; };
		DB3E83EC2988857E008517EE /* SceneDelegate.swift */ = {isa = PBXFileReference; lastKnownFileType = sourcecode.swift; path = SceneDelegate.swift; sourceTree = "<group>"; };
		DB3E83EE2988857E008517EE /* ViewController.swift */ = {isa = PBXFileReference; lastKnownFileType = sourcecode.swift; path = ViewController.swift; sourceTree = "<group>"; };
		DB3E83F12988857E008517EE /* Base */ = {isa = PBXFileReference; lastKnownFileType = file.storyboard; name = Base; path = Base.lproj/Main.storyboard; sourceTree = "<group>"; };
		DB3E83F329888580008517EE /* Assets.xcassets */ = {isa = PBXFileReference; lastKnownFileType = folder.assetcatalog; path = Assets.xcassets; sourceTree = "<group>"; };
		DB3E83F629888580008517EE /* Base */ = {isa = PBXFileReference; lastKnownFileType = file.storyboard; name = Base; path = Base.lproj/LaunchScreen.storyboard; sourceTree = "<group>"; };
		DB3E83F829888580008517EE /* Info.plist */ = {isa = PBXFileReference; lastKnownFileType = text.plist.xml; path = Info.plist; sourceTree = "<group>"; };
		DB3E83FD29888580008517EE /* ColoryTests.xctest */ = {isa = PBXFileReference; explicitFileType = wrapper.cfbundle; includeInIndex = 0; path = ColoryTests.xctest; sourceTree = BUILT_PRODUCTS_DIR; };
		DB3E840129888580008517EE /* ColoryTests.swift */ = {isa = PBXFileReference; lastKnownFileType = sourcecode.swift; path = ColoryTests.swift; sourceTree = "<group>"; };
		DB3E840729888580008517EE /* ColoryUITests.xctest */ = {isa = PBXFileReference; explicitFileType = wrapper.cfbundle; includeInIndex = 0; path = ColoryUITests.xctest; sourceTree = BUILT_PRODUCTS_DIR; };
		DB3E840B29888580008517EE /* ColoryUITests.swift */ = {isa = PBXFileReference; lastKnownFileType = sourcecode.swift; path = ColoryUITests.swift; sourceTree = "<group>"; };
		DB3E840D29888580008517EE /* ColoryUITestsLaunchTests.swift */ = {isa = PBXFileReference; lastKnownFileType = sourcecode.swift; path = ColoryUITestsLaunchTests.swift; sourceTree = "<group>"; };
/* End PBXFileReference section */

/* Begin PBXFrameworksBuildPhase section */
		DB3E83E42988857E008517EE /* Frameworks */ = {
			isa = PBXFrameworksBuildPhase;
			buildActionMask = 2147483647;
			files = (
			);
			runOnlyForDeploymentPostprocessing = 0;
		};
		DB3E83FA29888580008517EE /* Frameworks */ = {
			isa = PBXFrameworksBuildPhase;
			buildActionMask = 2147483647;
			files = (
			);
			runOnlyForDeploymentPostprocessing = 0;
		};
		DB3E840429888580008517EE /* Frameworks */ = {
			isa = PBXFrameworksBuildPhase;
			buildActionMask = 2147483647;
			files = (
			);
			runOnlyForDeploymentPostprocessing = 0;
		};
/* End PBXFrameworksBuildPhase section */

/* Begin PBXGroup section */
		DB3E83DE2988857E008517EE = {
			isa = PBXGroup;
			children = (
				DB3E83E92988857E008517EE /* Colory */,
				DB3E840029888580008517EE /* ColoryTests */,
				DB3E840A29888580008517EE /* ColoryUITests */,
				DB3E83E82988857E008517EE /* Products */,
			);
			sourceTree = "<group>";
		};
		DB3E83E82988857E008517EE /* Products */ = {
			isa = PBXGroup;
			children = (
				DB3E83E72988857E008517EE /* Colory.app */,
				DB3E83FD29888580008517EE /* ColoryTests.xctest */,
				DB3E840729888580008517EE /* ColoryUITests.xctest */,
			);
			name = Products;
			sourceTree = "<group>";
		};
		DB3E83E92988857E008517EE /* Colory */ = {
			isa = PBXGroup;
			children = (
				DB3E83EA2988857E008517EE /* AppDelegate.swift */,
				DB3E83EC2988857E008517EE /* SceneDelegate.swift */,
				DB3E83EE2988857E008517EE /* ViewController.swift */,
				DB3E83F02988857E008517EE /* Main.storyboard */,
				DB3E83F329888580008517EE /* Assets.xcassets */,
				DB3E83F529888580008517EE /* LaunchScreen.storyboard */,
				DB3E83F829888580008517EE /* Info.plist */,
			);
			path = Colory;
			sourceTree = "<group>";
		};
		DB3E840029888580008517EE /* ColoryTests */ = {
			isa = PBXGroup;
			children = (
				DB3E840129888580008517EE /* ColoryTests.swift */,
			);
			path = ColoryTests;
			sourceTree = "<group>";
		};
		DB3E840A29888580008517EE /* ColoryUITests */ = {
			isa = PBXGroup;
			children = (
				DB3E840B29888580008517EE /* ColoryUITests.swift */,
				DB3E840D29888580008517EE /* ColoryUITestsLaunchTests.swift */,
			);
			path = ColoryUITests;
			sourceTree = "<group>";
		};
/* End PBXGroup section */

/* Begin PBXNativeTarget section */
		DB3E83E62988857E008517EE /* Colory */ = {
			isa = PBXNativeTarget;
			buildConfigurationList = DB3E841129888580008517EE /* Build configuration list for PBXNativeTarget "Colory" */;
			buildPhases = (
				DB3E83E32988857E008517EE /* Sources */,
				DB3E83E42988857E008517EE /* Frameworks */,
				DB3E83E52988857E008517EE /* Resources */,
			);
			buildRules = (
			);
			dependencies = (
			);
			name = Colory;
			productName = Colory;
			productReference = DB3E83E72988857E008517EE /* Colory.app */;
			productType = "com.apple.product-type.application";
		};
		DB3E83FC29888580008517EE /* ColoryTests */ = {
			isa = PBXNativeTarget;
			buildConfigurationList = DB3E841429888580008517EE /* Build configuration list for PBXNativeTarget "ColoryTests" */;
			buildPhases = (
				DB3E83F929888580008517EE /* Sources */,
				DB3E83FA29888580008517EE /* Frameworks */,
				DB3E83FB29888580008517EE /* Resources */,
			);
			buildRules = (
			);
			dependencies = (
				DB3E83FF29888580008517EE /* PBXTargetDependency */,
			);
			name = ColoryTests;
			productName = ColoryTests;
			productReference = DB3E83FD29888580008517EE /* ColoryTests.xctest */;
			productType = "com.apple.product-type.bundle.unit-test";
		};
		DB3E840629888580008517EE /* ColoryUITests */ = {
			isa = PBXNativeTarget;
			buildConfigurationList = DB3E841729888580008517EE /* Build configuration list for PBXNativeTarget "ColoryUITests" */;
			buildPhases = (
				DB3E840329888580008517EE /* Sources */,
				DB3E840429888580008517EE /* Frameworks */,
				DB3E840529888580008517EE /* Resources */,
			);
			buildRules = (
			);
			dependencies = (
				DB3E840929888580008517EE /* PBXTargetDependency */,
			);
			name = ColoryUITests;
			productName = ColoryUITests;
			productReference = DB3E840729888580008517EE /* ColoryUITests.xctest */;
			productType = "com.apple.product-type.bundle.ui-testing";
		};
/* End PBXNativeTarget section */

/* Begin PBXProject section */
		DB3E83DF2988857E008517EE /* Project object */ = {
			isa = PBXProject;
			attributes = {
				BuildIndependentTargetsInParallel = 1;
				LastSwiftUpdateCheck = 1420;
				LastUpgradeCheck = 1420;
				TargetAttributes = {
					DB3E83E62988857E008517EE = {
						CreatedOnToolsVersion = 14.2;
					};
					DB3E83FC29888580008517EE = {
						CreatedOnToolsVersion = 14.2;
						TestTargetID = DB3E83E62988857E008517EE;
					};
					DB3E840629888580008517EE = {
						CreatedOnToolsVersion = 14.2;
						TestTargetID = DB3E83E62988857E008517EE;
					};
				};
			};
			buildConfigurationList = DB3E83E22988857E008517EE /* Build configuration list for PBXProject "Colory" */;
			compatibilityVersion = "Xcode 14.0";
			developmentRegion = en;
			hasScannedForEncodings = 0;
			knownRegions = (
				en,
				Base,
			);
			mainGroup = DB3E83DE2988857E008517EE;
			productRefGroup = DB3E83E82988857E008517EE /* Products */;
			projectDirPath = "";
			projectRoot = "";
			targets = (
				DB3E83E62988857E008517EE /* Colory */,
				DB3E83FC29888580008517EE /* ColoryTests */,
				DB3E840629888580008517EE /* ColoryUITests */,
			);
		};
/* End PBXProject section */

/* Begin PBXResourcesBuildPhase section */
		DB3E83E52988857E008517EE /* Resources */ = {
			isa = PBXResourcesBuildPhase;
			buildActionMask = 2147483647;
			files = (
				DB3E83F729888580008517EE /* LaunchScreen.storyboard in Resources */,
				DB3E83F429888580008517EE /* Assets.xcassets in Resources */,
				DB3E83F22988857E008517EE /* Main.storyboard in Resources */,
			);
			runOnlyForDeploymentPostprocessing = 0;
		};
		DB3E83FB29888580008517EE /* Resources */ = {
			isa = PBXResourcesBuildPhase;
			buildActionMask = 2147483647;
			files = (
			);
			runOnlyForDeploymentPostprocessing = 0;
		};
		DB3E840529888580008517EE /* Resources */ = {
			isa = PBXResourcesBuildPhase;
			buildActionMask = 2147483647;
			files = (
			);
			runOnlyForDeploymentPostprocessing = 0;
		};
/* End PBXResourcesBuildPhase section */

/* Begin PBXSourcesBuildPhase section */
		DB3E83E32988857E008517EE /* Sources */ = {
			isa = PBXSourcesBuildPhase;
			buildActionMask = 2147483647;
			files = (
				DB3E83EF2988857E008517EE /* ViewController.swift in Sources */,
				DB3E83EB2988857E008517EE /* AppDelegate.swift in Sources */,
				DB3E83ED2988857E008517EE /* SceneDelegate.swift in Sources */,
			);
			runOnlyForDeploymentPostprocessing = 0;
		};
		DB3E83F929888580008517EE /* Sources */ = {
			isa = PBXSourcesBuildPhase;
			buildActionMask = 2147483647;
			files = (
				DB3E840229888580008517EE /* ColoryTests.swift in Sources */,
			);
			runOnlyForDeploymentPostprocessing = 0;
		};
		DB3E840329888580008517EE /* Sources */ = {
			isa = PBXSourcesBuildPhase;
			buildActionMask = 2147483647;
			files = (
				DB3E840E29888580008517EE /* ColoryUITestsLaunchTests.swift in Sources */,
				DB3E840C29888580008517EE /* ColoryUITests.swift in Sources */,
			);
			runOnlyForDeploymentPostprocessing = 0;
		};
/* End PBXSourcesBuildPhase section */

/* Begin PBXTargetDependency section */
		DB3E83FF29888580008517EE /* PBXTargetDependency */ = {
			isa = PBXTargetDependency;
			target = DB3E83E62988857E008517EE /* Colory */;
			targetProxy = DB3E83FE29888580008517EE /* PBXContainerItemProxy */;
		};
		DB3E840929888580008517EE /* PBXTargetDependency */ = {
			isa = PBXTargetDependency;
			target = DB3E83E62988857E008517EE /* Colory */;
			targetProxy = DB3E840829888580008517EE /* PBXContainerItemProxy */;
		};
/* End PBXTargetDependency section */

/* Begin PBXVariantGroup section */
		DB3E83F02988857E008517EE /* Main.storyboard */ = {
			isa = PBXVariantGroup;
			children = (
				DB3E83F12988857E008517EE /* Base */,
			);
			name = Main.storyboard;
			sourceTree = "<group>";
		};
		DB3E83F529888580008517EE /* LaunchScreen.storyboard */ = {
			isa = PBXVariantGroup;
			children = (
				DB3E83F629888580008517EE /* Base */,
			);
			name = LaunchScreen.storyboard;
			sourceTree = "<group>";
		};
/* End PBXVariantGroup section */

/* Begin XCBuildConfiguration section */
		DB3E840F29888580008517EE /* Debug */ = {
			isa = XCBuildConfiguration;
			buildSettings = {
				ALWAYS_SEARCH_USER_PATHS = NO;
				CLANG_ANALYZER_NONNULL = YES;
				CLANG_ANALYZER_NUMBER_OBJECT_CONVERSION = YES_AGGRESSIVE;
				CLANG_CXX_LANGUAGE_STANDARD = "gnu++20";
				CLANG_ENABLE_MODULES = YES;
				CLANG_ENABLE_OBJC_ARC = YES;
				CLANG_ENABLE_OBJC_WEAK = YES;
				CLANG_WARN_BLOCK_CAPTURE_AUTORELEASING = YES;
				CLANG_WARN_BOOL_CONVERSION = YES;
				CLANG_WARN_COMMA = YES;
				CLANG_WARN_CONSTANT_CONVERSION = YES;
				CLANG_WARN_DEPRECATED_OBJC_IMPLEMENTATIONS = YES;
				CLANG_WARN_DIRECT_OBJC_ISA_USAGE = YES_ERROR;
				CLANG_WARN_DOCUMENTATION_COMMENTS = YES;
				CLANG_WARN_EMPTY_BODY = YES;
				CLANG_WARN_ENUM_CONVERSION = YES;
				CLANG_WARN_INFINITE_RECURSION = YES;
				CLANG_WARN_INT_CONVERSION = YES;
				CLANG_WARN_NON_LITERAL_NULL_CONVERSION = YES;
				CLANG_WARN_OBJC_IMPLICIT_RETAIN_SELF = YES;
				CLANG_WARN_OBJC_LITERAL_CONVERSION = YES;
				CLANG_WARN_OBJC_ROOT_CLASS = YES_ERROR;
				CLANG_WARN_QUOTED_INCLUDE_IN_FRAMEWORK_HEADER = YES;
				CLANG_WARN_RANGE_LOOP_ANALYSIS = YES;
				CLANG_WARN_STRICT_PROTOTYPES = YES;
				CLANG_WARN_SUSPICIOUS_MOVE = YES;
				CLANG_WARN_UNGUARDED_AVAILABILITY = YES_AGGRESSIVE;
				CLANG_WARN_UNREACHABLE_CODE = YES;
				CLANG_WARN__DUPLICATE_METHOD_MATCH = YES;
				COPY_PHASE_STRIP = NO;
				DEBUG_INFORMATION_FORMAT = dwarf;
				ENABLE_STRICT_OBJC_MSGSEND = YES;
				ENABLE_TESTABILITY = YES;
				GCC_C_LANGUAGE_STANDARD = gnu11;
				GCC_DYNAMIC_NO_PIC = NO;
				GCC_NO_COMMON_BLOCKS = YES;
				GCC_OPTIMIZATION_LEVEL = 0;
				GCC_PREPROCESSOR_DEFINITIONS = (
					"DEBUG=1",
					"$(inherited)",
				);
				GCC_WARN_64_TO_32_BIT_CONVERSION = YES;
				GCC_WARN_ABOUT_RETURN_TYPE = YES_ERROR;
				GCC_WARN_UNDECLARED_SELECTOR = YES;
				GCC_WARN_UNINITIALIZED_AUTOS = YES_AGGRESSIVE;
				GCC_WARN_UNUSED_FUNCTION = YES;
				GCC_WARN_UNUSED_VARIABLE = YES;
				IPHONEOS_DEPLOYMENT_TARGET = 16.2;
				MTL_ENABLE_DEBUG_INFO = INCLUDE_SOURCE;
				MTL_FAST_MATH = YES;
				ONLY_ACTIVE_ARCH = YES;
				SDKROOT = iphoneos;
				SWIFT_ACTIVE_COMPILATION_CONDITIONS = DEBUG;
				SWIFT_OPTIMIZATION_LEVEL = "-Onone";
			};
			name = Debug;
		};
		DB3E841029888580008517EE /* Release */ = {
			isa = XCBuildConfiguration;
			buildSettings = {
				ALWAYS_SEARCH_USER_PATHS = NO;
				CLANG_ANALYZER_NONNULL = YES;
				CLANG_ANALYZER_NUMBER_OBJECT_CONVERSION = YES_AGGRESSIVE;
				CLANG_CXX_LANGUAGE_STANDARD = "gnu++20";
				CLANG_ENABLE_MODULES = YES;
				CLANG_ENABLE_OBJC_ARC = YES;
				CLANG_ENABLE_OBJC_WEAK = YES;
				CLANG_WARN_BLOCK_CAPTURE_AUTORELEASING = YES;
				CLANG_WARN_BOOL_CONVERSION = YES;
				CLANG_WARN_COMMA = YES;
				CLANG_WARN_CONSTANT_CONVERSION = YES;
				CLANG_WARN_DEPRECATED_OBJC_IMPLEMENTATIONS = YES;
				CLANG_WARN_DIRECT_OBJC_ISA_USAGE = YES_ERROR;
				CLANG_WARN_DOCUMENTATION_COMMENTS = YES;
				CLANG_WARN_EMPTY_BODY = YES;
				CLANG_WARN_ENUM_CONVERSION = YES;
				CLANG_WARN_INFINITE_RECURSION = YES;
				CLANG_WARN_INT_CONVERSION = YES;
				CLANG_WARN_NON_LITERAL_NULL_CONVERSION = YES;
				CLANG_WARN_OBJC_IMPLICIT_RETAIN_SELF = YES;
				CLANG_WARN_OBJC_LITERAL_CONVERSION = YES;
				CLANG_WARN_OBJC_ROOT_CLASS = YES_ERROR;
				CLANG_WARN_QUOTED_INCLUDE_IN_FRAMEWORK_HEADER = YES;
				CLANG_WARN_RANGE_LOOP_ANALYSIS = YES;
				CLANG_WARN_STRICT_PROTOTYPES = YES;
				CLANG_WARN_SUSPICIOUS_MOVE = YES;
				CLANG_WARN_UNGUARDED_AVAILABILITY = YES_AGGRESSIVE;
				CLANG_WARN_UNREACHABLE_CODE = YES;
				CLANG_WARN__DUPLICATE_METHOD_MATCH = YES;
				COPY_PHASE_STRIP = NO;
				DEBUG_INFORMATION_FORMAT = "dwarf-with-dsym";
				ENABLE_NS_ASSERTIONS = NO;
				ENABLE_STRICT_OBJC_MSGSEND = YES;
				GCC_C_LANGUAGE_STANDARD = gnu11;
				GCC_NO_COMMON_BLOCKS = YES;
				GCC_WARN_64_TO_32_BIT_CONVERSION = YES;
				GCC_WARN_ABOUT_RETURN_TYPE = YES_ERROR;
				GCC_WARN_UNDECLARED_SELECTOR = YES;
				GCC_WARN_UNINITIALIZED_AUTOS = YES_AGGRESSIVE;
				GCC_WARN_UNUSED_FUNCTION = YES;
				GCC_WARN_UNUSED_VARIABLE = YES;
				IPHONEOS_DEPLOYMENT_TARGET = 16.2;
				MTL_ENABLE_DEBUG_INFO = NO;
				MTL_FAST_MATH = YES;
				SDKROOT = iphoneos;
				SWIFT_COMPILATION_MODE = wholemodule;
				SWIFT_OPTIMIZATION_LEVEL = "-O";
				VALIDATE_PRODUCT = YES;
			};
			name = Release;
		};
		DB3E841229888580008517EE /* Debug */ = {
			isa = XCBuildConfiguration;
			buildSettings = {
				ASSETCATALOG_COMPILER_APPICON_NAME = AppIcon;
				ASSETCATALOG_COMPILER_GLOBAL_ACCENT_COLOR_NAME = AccentColor;
				CODE_SIGN_STYLE = Automatic;
				CURRENT_PROJECT_VERSION = 1;
				DEVELOPMENT_TEAM = M4K8448ZSN;
				GENERATE_INFOPLIST_FILE = YES;
				INFOPLIST_FILE = Colory/Info.plist;
				INFOPLIST_KEY_UIApplicationSupportsIndirectInputEvents = YES;
				INFOPLIST_KEY_UILaunchStoryboardName = LaunchScreen;
				INFOPLIST_KEY_UIMainStoryboardFile = Main;
				INFOPLIST_KEY_UISupportedInterfaceOrientations_iPad = "UIInterfaceOrientationPortrait UIInterfaceOrientationPortraitUpsideDown UIInterfaceOrientationLandscapeLeft UIInterfaceOrientationLandscapeRight";
				INFOPLIST_KEY_UISupportedInterfaceOrientations_iPhone = "UIInterfaceOrientationPortrait UIInterfaceOrientationLandscapeLeft UIInterfaceOrientationLandscapeRight";
				LD_RUNPATH_SEARCH_PATHS = (
					"$(inherited)",
					"@executable_path/Frameworks",
				);
				MARKETING_VERSION = 1.0;
				PRODUCT_BUNDLE_IDENTIFIER = ios.BelSoda.Colory;
				PRODUCT_NAME = "$(TARGET_NAME)";
				SWIFT_EMIT_LOC_STRINGS = YES;
				SWIFT_VERSION = 5.0;
				TARGETED_DEVICE_FAMILY = "1,2";
			};
			name = Debug;
		};
		DB3E841329888580008517EE /* Release */ = {
			isa = XCBuildConfiguration;
			buildSettings = {
				ASSETCATALOG_COMPILER_APPICON_NAME = AppIcon;
				ASSETCATALOG_COMPILER_GLOBAL_ACCENT_COLOR_NAME = AccentColor;
				CODE_SIGN_STYLE = Automatic;
				CURRENT_PROJECT_VERSION = 1;
				DEVELOPMENT_TEAM = M4K8448ZSN;
				GENERATE_INFOPLIST_FILE = YES;
				INFOPLIST_FILE = Colory/Info.plist;
				INFOPLIST_KEY_UIApplicationSupportsIndirectInputEvents = YES;
				INFOPLIST_KEY_UILaunchStoryboardName = LaunchScreen;
				INFOPLIST_KEY_UIMainStoryboardFile = Main;
				INFOPLIST_KEY_UISupportedInterfaceOrientations_iPad = "UIInterfaceOrientationPortrait UIInterfaceOrientationPortraitUpsideDown UIInterfaceOrientationLandscapeLeft UIInterfaceOrientationLandscapeRight";
				INFOPLIST_KEY_UISupportedInterfaceOrientations_iPhone = "UIInterfaceOrientationPortrait UIInterfaceOrientationLandscapeLeft UIInterfaceOrientationLandscapeRight";
				LD_RUNPATH_SEARCH_PATHS = (
					"$(inherited)",
					"@executable_path/Frameworks",
				);
				MARKETING_VERSION = 1.0;
				PRODUCT_BUNDLE_IDENTIFIER = ios.BelSoda.Colory;
				PRODUCT_NAME = "$(TARGET_NAME)";
				SWIFT_EMIT_LOC_STRINGS = YES;
				SWIFT_VERSION = 5.0;
				TARGETED_DEVICE_FAMILY = "1,2";
			};
			name = Release;
		};
		DB3E841529888580008517EE /* Debug */ = {
			isa = XCBuildConfiguration;
			buildSettings = {
				ALWAYS_EMBED_SWIFT_STANDARD_LIBRARIES = YES;
				BUNDLE_LOADER = "$(TEST_HOST)";
				CODE_SIGN_STYLE = Automatic;
				CURRENT_PROJECT_VERSION = 1;
				DEVELOPMENT_TEAM = M4K8448ZSN;
				GENERATE_INFOPLIST_FILE = YES;
				IPHONEOS_DEPLOYMENT_TARGET = 16.2;
				MARKETING_VERSION = 1.0;
				PRODUCT_BUNDLE_IDENTIFIER = ios.BelSoda.ColoryTests;
				PRODUCT_NAME = "$(TARGET_NAME)";
				SWIFT_EMIT_LOC_STRINGS = NO;
				SWIFT_VERSION = 5.0;
				TARGETED_DEVICE_FAMILY = "1,2";
				TEST_HOST = "$(BUILT_PRODUCTS_DIR)/Colory.app/$(BUNDLE_EXECUTABLE_FOLDER_PATH)/Colory";
			};
			name = Debug;
		};
		DB3E841629888580008517EE /* Release */ = {
			isa = XCBuildConfiguration;
			buildSettings = {
				ALWAYS_EMBED_SWIFT_STANDARD_LIBRARIES = YES;
				BUNDLE_LOADER = "$(TEST_HOST)";
				CODE_SIGN_STYLE = Automatic;
				CURRENT_PROJECT_VERSION = 1;
				DEVELOPMENT_TEAM = M4K8448ZSN;
				GENERATE_INFOPLIST_FILE = YES;
				IPHONEOS_DEPLOYMENT_TARGET = 16.2;
				MARKETING_VERSION = 1.0;
				PRODUCT_BUNDLE_IDENTIFIER = ios.BelSoda.ColoryTests;
				PRODUCT_NAME = "$(TARGET_NAME)";
				SWIFT_EMIT_LOC_STRINGS = NO;
				SWIFT_VERSION = 5.0;
				TARGETED_DEVICE_FAMILY = "1,2";
				TEST_HOST = "$(BUILT_PRODUCTS_DIR)/Colory.app/$(BUNDLE_EXECUTABLE_FOLDER_PATH)/Colory";
			};
			name = Release;
		};
		DB3E841829888580008517EE /* Debug */ = {
			isa = XCBuildConfiguration;
			buildSettings = {
				ALWAYS_EMBED_SWIFT_STANDARD_LIBRARIES = YES;
				CODE_SIGN_STYLE = Automatic;
				CURRENT_PROJECT_VERSION = 1;
				DEVELOPMENT_TEAM = M4K8448ZSN;
				GENERATE_INFOPLIST_FILE = YES;
				MARKETING_VERSION = 1.0;
				PRODUCT_BUNDLE_IDENTIFIER = ios.BelSoda.ColoryUITests;
				PRODUCT_NAME = "$(TARGET_NAME)";
				SWIFT_EMIT_LOC_STRINGS = NO;
				SWIFT_VERSION = 5.0;
				TARGETED_DEVICE_FAMILY = "1,2";
				TEST_TARGET_NAME = Colory;
			};
			name = Debug;
		};
		DB3E841929888580008517EE /* Release */ = {
			isa = XCBuildConfiguration;
			buildSettings = {
				ALWAYS_EMBED_SWIFT_STANDARD_LIBRARIES = YES;
				CODE_SIGN_STYLE = Automatic;
				CURRENT_PROJECT_VERSION = 1;
				DEVELOPMENT_TEAM = M4K8448ZSN;
				GENERATE_INFOPLIST_FILE = YES;
				MARKETING_VERSION = 1.0;
				PRODUCT_BUNDLE_IDENTIFIER = ios.BelSoda.ColoryUITests;
				PRODUCT_NAME = "$(TARGET_NAME)";
				SWIFT_EMIT_LOC_STRINGS = NO;
				SWIFT_VERSION = 5.0;
				TARGETED_DEVICE_FAMILY = "1,2";
				TEST_TARGET_NAME = Colory;
			};
			name = Release;
		};
/* End XCBuildConfiguration section */

/* Begin XCConfigurationList section */
		DB3E83E22988857E008517EE /* Build configuration list for PBXProject "Colory" */ = {
			isa = XCConfigurationList;
			buildConfigurations = (
				DB3E840F29888580008517EE /* Debug */,
				DB3E841029888580008517EE /* Release */,
			);
			defaultConfigurationIsVisible = 0;
			defaultConfigurationName = Release;
		};
		DB3E841129888580008517EE /* Build configuration list for PBXNativeTarget "Colory" */ = {
			isa = XCConfigurationList;
			buildConfigurations = (
				DB3E841229888580008517EE /* Debug */,
				DB3E841329888580008517EE /* Release */,
			);
			defaultConfigurationIsVisible = 0;
			defaultConfigurationName = Release;
		};
		DB3E841429888580008517EE /* Build configuration list for PBXNativeTarget "ColoryTests" */ = {
			isa = XCConfigurationList;
			buildConfigurations = (
				DB3E841529888580008517EE /* Debug */,
				DB3E841629888580008517EE /* Release */,
			);
			defaultConfigurationIsVisible = 0;
			defaultConfigurationName = Release;
		};
		DB3E841729888580008517EE /* Build configuration list for PBXNativeTarget "ColoryUITests" */ = {
			isa = XCConfigurationList;
			buildConfigurations = (
				DB3E841829888580008517EE /* Debug */,
				DB3E841929888580008517EE /* Release */,
			);
			defaultConfigurationIsVisible = 0;
			defaultConfigurationName = Release;
		};
/* End XCConfigurationList section */
	};
	rootObject = DB3E83DF2988857E008517EE /* Project object */;
}
